// !$*UTF8*$!
{
	archiveVersion = 1;
	classes = {
	};
	objectVersion = 77;
	objects = {

/* Begin PBXBuildFile section */
		6B2654312DD49E0800F2C6F4 /* MenuViewController.swift in Sources */ = {isa = PBXBuildFile; fileRef = 6B2654302DD49E0800F2C6F4 /* MenuViewController.swift */; };
		6B8C6DCD2CD2F6F8006819FE /* TabBarViewController.swift in Sources */ = {isa = PBXBuildFile; fileRef = 6B8C6DCC2CD2F6F8006819FE /* TabBarViewController.swift */; };
		6B8C6DD12CD3ACF3006819FE /* ReminderTableViewCell.xib in Resources */ = {isa = PBXBuildFile; fileRef = 6B8C6DD02CD3ACF3006819FE /* ReminderTableViewCell.xib */; };
		6B8C6DD22CD3ACF3006819FE /* ReminderTableViewCell.swift in Sources */ = {isa = PBXBuildFile; fileRef = 6B8C6DCF2CD3ACF3006819FE /* ReminderTableViewCell.swift */; };
		6B8C6DD52CD3ADC9006819FE /* HomeViewModel.swift in Sources */ = {isa = PBXBuildFile; fileRef = 6B8C6DD42CD3ADC9006819FE /* HomeViewModel.swift */; };
		6B8C6DDA2CD3B74D006819FE /* EventFormViewController.xib in Resources */ = {isa = PBXBuildFile; fileRef = 6B8C6DD92CD3B74D006819FE /* EventFormViewController.xib */; };
		6B8C6DDB2CD3B74D006819FE /* EventFormViewController.swift in Sources */ = {isa = PBXBuildFile; fileRef = 6B8C6DD82CD3B74D006819FE /* EventFormViewController.swift */; };
		6B8C6DDD2CD3BCFF006819FE /* Montserrat-Medium.ttf in Resources */ = {isa = PBXBuildFile; fileRef = 6B8C6DDC2CD3BCFF006819FE /* Montserrat-Medium.ttf */; };
		6B8C6DDF2CD3BE7B006819FE /* Montserrat-Bold.ttf in Resources */ = {isa = PBXBuildFile; fileRef = 6B8C6DDE2CD3BE7B006819FE /* Montserrat-Bold.ttf */; };
		6B8C6DE22CD416DA006819FE /* ReminderModel.swift in Sources */ = {isa = PBXBuildFile; fileRef = 6B8C6DE12CD416DA006819FE /* ReminderModel.swift */; };
		6B8C6DE52CD4172A006819FE /* EventFormViewModel.swift in Sources */ = {isa = PBXBuildFile; fileRef = 6B8C6DE42CD4172A006819FE /* EventFormViewModel.swift */; };
		6B8C6DED2CD41BA1006819FE /* CalendarViewModel.swift in Sources */ = {isa = PBXBuildFile; fileRef = 6B8C6DEC2CD41BA1006819FE /* CalendarViewModel.swift */; };
		6B8C6DF22CD427A4006819FE /* HealthFormViewController.xib in Resources */ = {isa = PBXBuildFile; fileRef = 6B8C6DF12CD427A4006819FE /* HealthFormViewController.xib */; };
		6B8C6DF32CD427A4006819FE /* HealthFormViewController.swift in Sources */ = {isa = PBXBuildFile; fileRef = 6B8C6DF02CD427A4006819FE /* HealthFormViewController.swift */; };
		6B8C6DF62CD43339006819FE /* HealthModel.swift in Sources */ = {isa = PBXBuildFile; fileRef = 6B8C6DF52CD43339006819FE /* HealthModel.swift */; };
		6B8C6DF92CD4338B006819FE /* HealthFormViewModel.swift in Sources */ = {isa = PBXBuildFile; fileRef = 6B8C6DF82CD4338B006819FE /* HealthFormViewModel.swift */; };
		6B8C6DFD2CD4381E006819FE /* ExerciseTableViewCell.xib in Resources */ = {isa = PBXBuildFile; fileRef = 6B8C6DFC2CD4381E006819FE /* ExerciseTableViewCell.xib */; };
		6B8C6DFE2CD4381E006819FE /* ExerciseTableViewCell.swift in Sources */ = {isa = PBXBuildFile; fileRef = 6B8C6DFB2CD4381E006819FE /* ExerciseTableViewCell.swift */; };
		6B8C6E022CD43E41006819FE /* HealthTableViewCell.xib in Resources */ = {isa = PBXBuildFile; fileRef = 6B8C6E012CD43E41006819FE /* HealthTableViewCell.xib */; };
		6B8C6E032CD43E41006819FE /* HealthTableViewCell.swift in Sources */ = {isa = PBXBuildFile; fileRef = 6B8C6E002CD43E41006819FE /* HealthTableViewCell.swift */; };
		6BE641142CD4422900CB5FD9 /* HealthViewModel.swift in Sources */ = {isa = PBXBuildFile; fileRef = 6BE641132CD4422900CB5FD9 /* HealthViewModel.swift */; };
		6BE641162CD44BDD00CB5FD9 /* BaseSwitch.swift in Sources */ = {isa = PBXBuildFile; fileRef = 6BE641152CD44BDD00CB5FD9 /* BaseSwitch.swift */; };
		6BE641192CD4559A00CB5FD9 /* NotificationManager.swift in Sources */ = {isa = PBXBuildFile; fileRef = 6BE641182CD4559A00CB5FD9 /* NotificationManager.swift */; };
		6BE6411E2CD52B7A00CB5FD9 /* FoodFormViewController.xib in Resources */ = {isa = PBXBuildFile; fileRef = 6BE6411D2CD52B7A00CB5FD9 /* FoodFormViewController.xib */; };
		6BE6411F2CD52B7A00CB5FD9 /* FoodFormViewController.swift in Sources */ = {isa = PBXBuildFile; fileRef = 6BE6411C2CD52B7A00CB5FD9 /* FoodFormViewController.swift */; };
		6BE641232CD52DFB00CB5FD9 /* FoodModel.swift in Sources */ = {isa = PBXBuildFile; fileRef = 6BE641222CD52DFB00CB5FD9 /* FoodModel.swift */; };
		6BE641262CD52F9700CB5FD9 /* FoodFormViewModel.swift in Sources */ = {isa = PBXBuildFile; fileRef = 6BE641252CD52F9700CB5FD9 /* FoodFormViewModel.swift */; };
		6BE6412A2CD536BF00CB5FD9 /* FoodTableViewCell.xib in Resources */ = {isa = PBXBuildFile; fileRef = 6BE641292CD536BF00CB5FD9 /* FoodTableViewCell.xib */; };
		6BE6412B2CD536BF00CB5FD9 /* FoodTableViewCell.swift in Sources */ = {isa = PBXBuildFile; fileRef = 6BE641282CD536BF00CB5FD9 /* FoodTableViewCell.swift */; };
		6BE6412F2CD5381300CB5FD9 /* FoodViewModel.swift in Sources */ = {isa = PBXBuildFile; fileRef = 6BE6412E2CD5381300CB5FD9 /* FoodViewModel.swift */; };
		6BE641322CD541D400CB5FD9 /* RecamendationCollectionViewCell.xib in Resources */ = {isa = PBXBuildFile; fileRef = 6BE641312CD541D400CB5FD9 /* RecamendationCollectionViewCell.xib */; };
		6BE641332CD541D400CB5FD9 /* RecamendationCollectionViewCell.swift in Sources */ = {isa = PBXBuildFile; fileRef = 6BE641302CD541D400CB5FD9 /* RecamendationCollectionViewCell.swift */; };
		6BEE86B22CD2C7C30005755E /* AppDelegate.swift in Sources */ = {isa = PBXBuildFile; fileRef = 6BEE86B12CD2C7C30005755E /* AppDelegate.swift */; };
		6BEE86B42CD2C7C30005755E /* SceneDelegate.swift in Sources */ = {isa = PBXBuildFile; fileRef = 6BEE86B32CD2C7C30005755E /* SceneDelegate.swift */; };
		6BEE86B62CD2C7C30005755E /* RootViewController.swift in Sources */ = {isa = PBXBuildFile; fileRef = 6BEE86B52CD2C7C30005755E /* RootViewController.swift */; };
		6BEE86B92CD2C7C30005755E /* Base in Resources */ = {isa = PBXBuildFile; fileRef = 6BEE86B82CD2C7C30005755E /* Base */; };
		6BEE86BC2CD2C7C30005755E /* Pregnancy.xcdatamodeld in Sources */ = {isa = PBXBuildFile; fileRef = 6BEE86BA2CD2C7C30005755E /* Pregnancy.xcdatamodeld */; };
		6BEE86BE2CD2C7C40005755E /* Assets.xcassets in Resources */ = {isa = PBXBuildFile; fileRef = 6BEE86BD2CD2C7C40005755E /* Assets.xcassets */; };
		6BEE86C12CD2C7C40005755E /* Base in Resources */ = {isa = PBXBuildFile; fileRef = 6BEE86C02CD2C7C40005755E /* Base */; };
		6BEE86CB2CD2CB390005755E /* SFProText-Light.ttf in Resources */ = {isa = PBXBuildFile; fileRef = 6BEE86CA2CD2CB390005755E /* SFProText-Light.ttf */; };
		6BEE86CF2CD2CB4E0005755E /* SFProText-Medium.ttf in Resources */ = {isa = PBXBuildFile; fileRef = 6BEE86CC2CD2CB4E0005755E /* SFProText-Medium.ttf */; };
		6BEE86D02CD2CB4E0005755E /* SFProText-Semibold.ttf in Resources */ = {isa = PBXBuildFile; fileRef = 6BEE86CD2CD2CB4E0005755E /* SFProText-Semibold.ttf */; };
		6BEE86D12CD2CB4E0005755E /* SFProText-Regular.ttf in Resources */ = {isa = PBXBuildFile; fileRef = 6BEE86CE2CD2CB4E0005755E /* SFProText-Regular.ttf */; };
		6BEE86D32CD2CB7E0005755E /* Font.swift in Sources */ = {isa = PBXBuildFile; fileRef = 6BEE86D22CD2CB7E0005755E /* Font.swift */; };
		6BEE86D52CD2CEA40005755E /* UIView.swift in Sources */ = {isa = PBXBuildFile; fileRef = 6BEE86D42CD2CEA40005755E /* UIView.swift */; };
		6BEE86D82CD2CECA0005755E /* ViewController.swift in Sources */ = {isa = PBXBuildFile; fileRef = 6BEE86D72CD2CECA0005755E /* ViewController.swift */; };
		6BEE86DA2CD2CF050005755E /* Date.swift in Sources */ = {isa = PBXBuildFile; fileRef = 6BEE86D92CD2CF050005755E /* Date.swift */; };
		6BEE86DC2CD2CF230005755E /* ShadowView.swift in Sources */ = {isa = PBXBuildFile; fileRef = 6BEE86DB2CD2CF230005755E /* ShadowView.swift */; };
		6BEE86DE2CD2CF3C0005755E /* BaseButton.swift in Sources */ = {isa = PBXBuildFile; fileRef = 6BEE86DD2CD2CF3C0005755E /* BaseButton.swift */; };
		6BEE86E02CD2CF570005755E /* String.swift in Sources */ = {isa = PBXBuildFile; fileRef = 6BEE86DF2CD2CF570005755E /* String.swift */; };
		6BEE86E22CD2CFB10005755E /* BaseTextField.swift in Sources */ = {isa = PBXBuildFile; fileRef = 6BEE86E12CD2CFB10005755E /* BaseTextField.swift */; };
		6BEE86E72CD2D4620005755E /* WeekCollectionViewCell.xib in Resources */ = {isa = PBXBuildFile; fileRef = 6BEE86E62CD2D4620005755E /* WeekCollectionViewCell.xib */; };
		6BEE86E82CD2D4620005755E /* WeekCollectionViewCell.swift in Sources */ = {isa = PBXBuildFile; fileRef = 6BEE86E52CD2D4620005755E /* WeekCollectionViewCell.swift */; };
		6BEE86ED2CD2DBF90005755E /* GenderViewController.xib in Resources */ = {isa = PBXBuildFile; fileRef = 6BEE86EC2CD2DBF90005755E /* GenderViewController.xib */; };
		6BEE86EE2CD2DBF90005755E /* GenderViewController.swift in Sources */ = {isa = PBXBuildFile; fileRef = 6BEE86EB2CD2DBF90005755E /* GenderViewController.swift */; };
		6BEE86F12CD2E05E0005755E /* PregnancyModel.swift in Sources */ = {isa = PBXBuildFile; fileRef = 6BEE86F02CD2E05E0005755E /* PregnancyModel.swift */; };
		6BEE86F42CD2E0DB0005755E /* PregnancyViewModel.swift in Sources */ = {isa = PBXBuildFile; fileRef = 6BEE86F32CD2E0DB0005755E /* PregnancyViewModel.swift */; };
		6BEE86F62CD2ED610005755E /* GenderButton.swift in Sources */ = {isa = PBXBuildFile; fileRef = 6BEE86F52CD2ED610005755E /* GenderButton.swift */; };
		6BEE86F92CD2EF5F0005755E /* CoreDataManager.swift in Sources */ = {isa = PBXBuildFile; fileRef = 6BEE86F82CD2EF5F0005755E /* CoreDataManager.swift */; };
		6BEE86FE2CD2F2660005755E /* HomeViewController.swift in Sources */ = {isa = PBXBuildFile; fileRef = 6BEE86FD2CD2F2660005755E /* HomeViewController.swift */; };
		6BEE87002CD2F2700005755E /* Home.storyboard in Resources */ = {isa = PBXBuildFile; fileRef = 6BEE86FF2CD2F2700005755E /* Home.storyboard */; };
		6BEE87052CD2F2C00005755E /* HealthViewController.swift in Sources */ = {isa = PBXBuildFile; fileRef = 6BEE87042CD2F2C00005755E /* HealthViewController.swift */; };
		6BEE87072CD2F2C70005755E /* Health.storyboard in Resources */ = {isa = PBXBuildFile; fileRef = 6BEE87062CD2F2C70005755E /* Health.storyboard */; };
		6BEE870A2CD2F2DC0005755E /* CalendarViewController.swift in Sources */ = {isa = PBXBuildFile; fileRef = 6BEE87092CD2F2DC0005755E /* CalendarViewController.swift */; };
		6BEE870C2CD2F2E50005755E /* Calendar.storyboard in Resources */ = {isa = PBXBuildFile; fileRef = 6BEE870B2CD2F2E50005755E /* Calendar.storyboard */; };
		6BEE87102CD2F30E0005755E /* FoodViewController.swift in Sources */ = {isa = PBXBuildFile; fileRef = 6BEE870F2CD2F30E0005755E /* FoodViewController.swift */; };
		6BEE87122CD2F3150005755E /* Food.storyboard in Resources */ = {isa = PBXBuildFile; fileRef = 6BEE87112CD2F3150005755E /* Food.storyboard */; };
		6BEE87162CD2F3310005755E /* SettingsViewController.swift in Sources */ = {isa = PBXBuildFile; fileRef = 6BEE87152CD2F3310005755E /* SettingsViewController.swift */; };
		6BEE87182CD2F3380005755E /* Settings.storyboard in Resources */ = {isa = PBXBuildFile; fileRef = 6BEE87172CD2F3380005755E /* Settings.storyboard */; };
		6BEE871B2CD2F3540005755E /* TabBar.storyboard in Resources */ = {isa = PBXBuildFile; fileRef = 6BEE871A2CD2F3540005755E /* TabBar.storyboard */; };
		CB56E71FBD131F0803BCCD70 /* Pods_Pregnancy.framework in Frameworks */ = {isa = PBXBuildFile; fileRef = F01DF00DFE36F346CBEE1A05 /* Pods_Pregnancy.framework */; };
/* End PBXBuildFile section */

/* Begin PBXFileReference section */
		1C19EF5DA5DAAA3BE0C6C59F /* Pods-Pregnancy.release.xcconfig */ = {isa = PBXFileReference; includeInIndex = 1; lastKnownFileType = text.xcconfig; name = "Pods-Pregnancy.release.xcconfig"; path = "Target Support Files/Pods-Pregnancy/Pods-Pregnancy.release.xcconfig"; sourceTree = "<group>"; };
		3E50BE22E1313D67A4BEDBFA /* Pods-Pregnancy.debug.xcconfig */ = {isa = PBXFileReference; includeInIndex = 1; lastKnownFileType = text.xcconfig; name = "Pods-Pregnancy.debug.xcconfig"; path = "Target Support Files/Pods-Pregnancy/Pods-Pregnancy.debug.xcconfig"; sourceTree = "<group>"; };
		6B2654302DD49E0800F2C6F4 /* MenuViewController.swift */ = {isa = PBXFileReference; lastKnownFileType = sourcecode.swift; path = MenuViewController.swift; sourceTree = "<group>"; };
		6B8C6DCC2CD2F6F8006819FE /* TabBarViewController.swift */ = {isa = PBXFileReference; lastKnownFileType = sourcecode.swift; path = TabBarViewController.swift; sourceTree = "<group>"; };
		6B8C6DCF2CD3ACF3006819FE /* ReminderTableViewCell.swift */ = {isa = PBXFileReference; lastKnownFileType = sourcecode.swift; path = ReminderTableViewCell.swift; sourceTree = "<group>"; };
		6B8C6DD02CD3ACF3006819FE /* ReminderTableViewCell.xib */ = {isa = PBXFileReference; lastKnownFileType = file.xib; path = ReminderTableViewCell.xib; sourceTree = "<group>"; };
		6B8C6DD42CD3ADC9006819FE /* HomeViewModel.swift */ = {isa = PBXFileReference; lastKnownFileType = sourcecode.swift; path = HomeViewModel.swift; sourceTree = "<group>"; };
		6B8C6DD82CD3B74D006819FE /* EventFormViewController.swift */ = {isa = PBXFileReference; lastKnownFileType = sourcecode.swift; path = EventFormViewController.swift; sourceTree = "<group>"; };
		6B8C6DD92CD3B74D006819FE /* EventFormViewController.xib */ = {isa = PBXFileReference; lastKnownFileType = file.xib; path = EventFormViewController.xib; sourceTree = "<group>"; };
		6B8C6DDC2CD3BCFF006819FE /* Montserrat-Medium.ttf */ = {isa = PBXFileReference; lastKnownFileType = file; path = "Montserrat-Medium.ttf"; sourceTree = "<group>"; };
		6B8C6DDE2CD3BE7B006819FE /* Montserrat-Bold.ttf */ = {isa = PBXFileReference; lastKnownFileType = file; path = "Montserrat-Bold.ttf"; sourceTree = "<group>"; };
		6B8C6DE12CD416DA006819FE /* ReminderModel.swift */ = {isa = PBXFileReference; lastKnownFileType = sourcecode.swift; path = ReminderModel.swift; sourceTree = "<group>"; };
		6B8C6DE42CD4172A006819FE /* EventFormViewModel.swift */ = {isa = PBXFileReference; lastKnownFileType = sourcecode.swift; path = EventFormViewModel.swift; sourceTree = "<group>"; };
		6B8C6DEC2CD41BA1006819FE /* CalendarViewModel.swift */ = {isa = PBXFileReference; lastKnownFileType = sourcecode.swift; path = CalendarViewModel.swift; sourceTree = "<group>"; };
		6B8C6DF02CD427A4006819FE /* HealthFormViewController.swift */ = {isa = PBXFileReference; lastKnownFileType = sourcecode.swift; path = HealthFormViewController.swift; sourceTree = "<group>"; };
		6B8C6DF12CD427A4006819FE /* HealthFormViewController.xib */ = {isa = PBXFileReference; lastKnownFileType = file.xib; path = HealthFormViewController.xib; sourceTree = "<group>"; };
		6B8C6DF52CD43339006819FE /* HealthModel.swift */ = {isa = PBXFileReference; lastKnownFileType = sourcecode.swift; path = HealthModel.swift; sourceTree = "<group>"; };
		6B8C6DF82CD4338B006819FE /* HealthFormViewModel.swift */ = {isa = PBXFileReference; lastKnownFileType = sourcecode.swift; path = HealthFormViewModel.swift; sourceTree = "<group>"; };
		6B8C6DFB2CD4381E006819FE /* ExerciseTableViewCell.swift */ = {isa = PBXFileReference; lastKnownFileType = sourcecode.swift; path = ExerciseTableViewCell.swift; sourceTree = "<group>"; };
		6B8C6DFC2CD4381E006819FE /* ExerciseTableViewCell.xib */ = {isa = PBXFileReference; lastKnownFileType = file.xib; path = ExerciseTableViewCell.xib; sourceTree = "<group>"; };
		6B8C6E002CD43E41006819FE /* HealthTableViewCell.swift */ = {isa = PBXFileReference; lastKnownFileType = sourcecode.swift; path = HealthTableViewCell.swift; sourceTree = "<group>"; };
		6B8C6E012CD43E41006819FE /* HealthTableViewCell.xib */ = {isa = PBXFileReference; lastKnownFileType = file.xib; path = HealthTableViewCell.xib; sourceTree = "<group>"; };
		6BE641132CD4422900CB5FD9 /* HealthViewModel.swift */ = {isa = PBXFileReference; lastKnownFileType = sourcecode.swift; path = HealthViewModel.swift; sourceTree = "<group>"; };
		6BE641152CD44BDD00CB5FD9 /* BaseSwitch.swift */ = {isa = PBXFileReference; lastKnownFileType = sourcecode.swift; path = BaseSwitch.swift; sourceTree = "<group>"; };
		6BE641182CD4559A00CB5FD9 /* NotificationManager.swift */ = {isa = PBXFileReference; lastKnownFileType = sourcecode.swift; path = NotificationManager.swift; sourceTree = "<group>"; };
		6BE6411C2CD52B7A00CB5FD9 /* FoodFormViewController.swift */ = {isa = PBXFileReference; lastKnownFileType = sourcecode.swift; path = FoodFormViewController.swift; sourceTree = "<group>"; };
		6BE6411D2CD52B7A00CB5FD9 /* FoodFormViewController.xib */ = {isa = PBXFileReference; lastKnownFileType = file.xib; path = FoodFormViewController.xib; sourceTree = "<group>"; };
		6BE641222CD52DFB00CB5FD9 /* FoodModel.swift */ = {isa = PBXFileReference; lastKnownFileType = sourcecode.swift; path = FoodModel.swift; sourceTree = "<group>"; };
		6BE641252CD52F9700CB5FD9 /* FoodFormViewModel.swift */ = {isa = PBXFileReference; lastKnownFileType = sourcecode.swift; path = FoodFormViewModel.swift; sourceTree = "<group>"; };
		6BE641282CD536BF00CB5FD9 /* FoodTableViewCell.swift */ = {isa = PBXFileReference; lastKnownFileType = sourcecode.swift; path = FoodTableViewCell.swift; sourceTree = "<group>"; };
		6BE641292CD536BF00CB5FD9 /* FoodTableViewCell.xib */ = {isa = PBXFileReference; lastKnownFileType = file.xib; path = FoodTableViewCell.xib; sourceTree = "<group>"; };
		6BE6412E2CD5381300CB5FD9 /* FoodViewModel.swift */ = {isa = PBXFileReference; lastKnownFileType = sourcecode.swift; path = FoodViewModel.swift; sourceTree = "<group>"; };
		6BE641302CD541D400CB5FD9 /* RecamendationCollectionViewCell.swift */ = {isa = PBXFileReference; lastKnownFileType = sourcecode.swift; path = RecamendationCollectionViewCell.swift; sourceTree = "<group>"; };
		6BE641312CD541D400CB5FD9 /* RecamendationCollectionViewCell.xib */ = {isa = PBXFileReference; lastKnownFileType = file.xib; path = RecamendationCollectionViewCell.xib; sourceTree = "<group>"; };
		6BEE86AE2CD2C7C30005755E /* Pregnancy.app */ = {isa = PBXFileReference; explicitFileType = wrapper.application; includeInIndex = 0; path = Pregnancy.app; sourceTree = BUILT_PRODUCTS_DIR; };
		6BEE86B12CD2C7C30005755E /* AppDelegate.swift */ = {isa = PBXFileReference; lastKnownFileType = sourcecode.swift; path = AppDelegate.swift; sourceTree = "<group>"; };
		6BEE86B32CD2C7C30005755E /* SceneDelegate.swift */ = {isa = PBXFileReference; lastKnownFileType = sourcecode.swift; path = SceneDelegate.swift; sourceTree = "<group>"; };
		6BEE86B52CD2C7C30005755E /* RootViewController.swift */ = {isa = PBXFileReference; lastKnownFileType = sourcecode.swift; path = RootViewController.swift; sourceTree = "<group>"; };
		6BEE86B82CD2C7C30005755E /* Base */ = {isa = PBXFileReference; lastKnownFileType = file.storyboard; name = Base; path = Base.lproj/Root.storyboard; sourceTree = "<group>"; };
		6BEE86BB2CD2C7C30005755E /* Pregnancy.xcdatamodel */ = {isa = PBXFileReference; lastKnownFileType = wrapper.xcdatamodel; path = Pregnancy.xcdatamodel; sourceTree = "<group>"; };
		6BEE86BD2CD2C7C40005755E /* Assets.xcassets */ = {isa = PBXFileReference; lastKnownFileType = folder.assetcatalog; path = Assets.xcassets; sourceTree = "<group>"; };
		6BEE86C02CD2C7C40005755E /* Base */ = {isa = PBXFileReference; lastKnownFileType = file.storyboard; name = Base; path = Base.lproj/LaunchScreen.storyboard; sourceTree = "<group>"; };
		6BEE86C22CD2C7C40005755E /* Info.plist */ = {isa = PBXFileReference; lastKnownFileType = text.plist.xml; path = Info.plist; sourceTree = "<group>"; };
		6BEE86CA2CD2CB390005755E /* SFProText-Light.ttf */ = {isa = PBXFileReference; lastKnownFileType = file; path = "SFProText-Light.ttf"; sourceTree = "<group>"; };
		6BEE86CC2CD2CB4E0005755E /* SFProText-Medium.ttf */ = {isa = PBXFileReference; lastKnownFileType = file; path = "SFProText-Medium.ttf"; sourceTree = "<group>"; };
		6BEE86CD2CD2CB4E0005755E /* SFProText-Semibold.ttf */ = {isa = PBXFileReference; lastKnownFileType = file; path = "SFProText-Semibold.ttf"; sourceTree = "<group>"; };
		6BEE86CE2CD2CB4E0005755E /* SFProText-Regular.ttf */ = {isa = PBXFileReference; lastKnownFileType = file; path = "SFProText-Regular.ttf"; sourceTree = "<group>"; };
		6BEE86D22CD2CB7E0005755E /* Font.swift */ = {isa = PBXFileReference; lastKnownFileType = sourcecode.swift; path = Font.swift; sourceTree = "<group>"; };
		6BEE86D42CD2CEA40005755E /* UIView.swift */ = {isa = PBXFileReference; lastKnownFileType = sourcecode.swift; path = UIView.swift; sourceTree = "<group>"; };
		6BEE86D72CD2CECA0005755E /* ViewController.swift */ = {isa = PBXFileReference; lastKnownFileType = sourcecode.swift; path = ViewController.swift; sourceTree = "<group>"; };
		6BEE86D92CD2CF050005755E /* Date.swift */ = {isa = PBXFileReference; lastKnownFileType = sourcecode.swift; path = Date.swift; sourceTree = "<group>"; };
		6BEE86DB2CD2CF230005755E /* ShadowView.swift */ = {isa = PBXFileReference; lastKnownFileType = sourcecode.swift; path = ShadowView.swift; sourceTree = "<group>"; };
		6BEE86DD2CD2CF3C0005755E /* BaseButton.swift */ = {isa = PBXFileReference; lastKnownFileType = sourcecode.swift; path = BaseButton.swift; sourceTree = "<group>"; };
		6BEE86DF2CD2CF570005755E /* String.swift */ = {isa = PBXFileReference; lastKnownFileType = sourcecode.swift; path = String.swift; sourceTree = "<group>"; };
		6BEE86E12CD2CFB10005755E /* BaseTextField.swift */ = {isa = PBXFileReference; lastKnownFileType = sourcecode.swift; path = BaseTextField.swift; sourceTree = "<group>"; };
		6BEE86E52CD2D4620005755E /* WeekCollectionViewCell.swift */ = {isa = PBXFileReference; lastKnownFileType = sourcecode.swift; path = WeekCollectionViewCell.swift; sourceTree = "<group>"; };
		6BEE86E62CD2D4620005755E /* WeekCollectionViewCell.xib */ = {isa = PBXFileReference; lastKnownFileType = file.xib; path = WeekCollectionViewCell.xib; sourceTree = "<group>"; };
		6BEE86EB2CD2DBF90005755E /* GenderViewController.swift */ = {isa = PBXFileReference; lastKnownFileType = sourcecode.swift; path = GenderViewController.swift; sourceTree = "<group>"; };
		6BEE86EC2CD2DBF90005755E /* GenderViewController.xib */ = {isa = PBXFileReference; lastKnownFileType = file.xib; path = GenderViewController.xib; sourceTree = "<group>"; };
		6BEE86F02CD2E05E0005755E /* PregnancyModel.swift */ = {isa = PBXFileReference; lastKnownFileType = sourcecode.swift; path = PregnancyModel.swift; sourceTree = "<group>"; };
		6BEE86F32CD2E0DB0005755E /* PregnancyViewModel.swift */ = {isa = PBXFileReference; lastKnownFileType = sourcecode.swift; path = PregnancyViewModel.swift; sourceTree = "<group>"; };
		6BEE86F52CD2ED610005755E /* GenderButton.swift */ = {isa = PBXFileReference; lastKnownFileType = sourcecode.swift; path = GenderButton.swift; sourceTree = "<group>"; };
		6BEE86F82CD2EF5F0005755E /* CoreDataManager.swift */ = {isa = PBXFileReference; lastKnownFileType = sourcecode.swift; path = CoreDataManager.swift; sourceTree = "<group>"; };
		6BEE86FD2CD2F2660005755E /* HomeViewController.swift */ = {isa = PBXFileReference; lastKnownFileType = sourcecode.swift; path = HomeViewController.swift; sourceTree = "<group>"; };
		6BEE86FF2CD2F2700005755E /* Home.storyboard */ = {isa = PBXFileReference; lastKnownFileType = file.storyboard; path = Home.storyboard; sourceTree = "<group>"; };
		6BEE87042CD2F2C00005755E /* HealthViewController.swift */ = {isa = PBXFileReference; lastKnownFileType = sourcecode.swift; path = HealthViewController.swift; sourceTree = "<group>"; };
		6BEE87062CD2F2C70005755E /* Health.storyboard */ = {isa = PBXFileReference; lastKnownFileType = file.storyboard; path = Health.storyboard; sourceTree = "<group>"; };
		6BEE87092CD2F2DC0005755E /* CalendarViewController.swift */ = {isa = PBXFileReference; lastKnownFileType = sourcecode.swift; path = CalendarViewController.swift; sourceTree = "<group>"; };
		6BEE870B2CD2F2E50005755E /* Calendar.storyboard */ = {isa = PBXFileReference; lastKnownFileType = file.storyboard; path = Calendar.storyboard; sourceTree = "<group>"; };
		6BEE870F2CD2F30E0005755E /* FoodViewController.swift */ = {isa = PBXFileReference; lastKnownFileType = sourcecode.swift; path = FoodViewController.swift; sourceTree = "<group>"; };
		6BEE87112CD2F3150005755E /* Food.storyboard */ = {isa = PBXFileReference; lastKnownFileType = file.storyboard; path = Food.storyboard; sourceTree = "<group>"; };
		6BEE87152CD2F3310005755E /* SettingsViewController.swift */ = {isa = PBXFileReference; lastKnownFileType = sourcecode.swift; path = SettingsViewController.swift; sourceTree = "<group>"; };
		6BEE87172CD2F3380005755E /* Settings.storyboard */ = {isa = PBXFileReference; lastKnownFileType = file.storyboard; path = Settings.storyboard; sourceTree = "<group>"; };
		6BEE871A2CD2F3540005755E /* TabBar.storyboard */ = {isa = PBXFileReference; lastKnownFileType = file.storyboard; path = TabBar.storyboard; sourceTree = "<group>"; };
		F01DF00DFE36F346CBEE1A05 /* Pods_Pregnancy.framework */ = {isa = PBXFileReference; explicitFileType = wrapper.framework; includeInIndex = 0; path = Pods_Pregnancy.framework; sourceTree = BUILT_PRODUCTS_DIR; };
/* End PBXFileReference section */

/* Begin PBXFrameworksBuildPhase section */
		6BEE86AB2CD2C7C30005755E /* Frameworks */ = {
			isa = PBXFrameworksBuildPhase;
			buildActionMask = 2147483647;
			files = (
				CB56E71FBD131F0803BCCD70 /* Pods_Pregnancy.framework in Frameworks */,
			);
			runOnlyForDeploymentPostprocessing = 0;
		};
/* End PBXFrameworksBuildPhase section */

/* Begin PBXGroup section */
		1703E3410606ED78CE49399E /* Frameworks */ = {
			isa = PBXGroup;
			children = (
				F01DF00DFE36F346CBEE1A05 /* Pods_Pregnancy.framework */,
			);
			name = Frameworks;
			sourceTree = "<group>";
		};
		6B8C6DCE2CD3ACE4006819FE /* Cell */ = {
			isa = PBXGroup;
			children = (
				6B8C6DCF2CD3ACF3006819FE /* ReminderTableViewCell.swift */,
				6B8C6DD02CD3ACF3006819FE /* ReminderTableViewCell.xib */,
			);
			path = Cell;
			sourceTree = "<group>";
		};
		6B8C6DD32CD3ADBD006819FE /* ViewModel */ = {
			isa = PBXGroup;
			children = (
				6B8C6DD42CD3ADC9006819FE /* HomeViewModel.swift */,
			);
			path = ViewModel;
			sourceTree = "<group>";
		};
		6B8C6DD62CD3B717006819FE /* EventForm */ = {
			isa = PBXGroup;
			children = (
				6B8C6DE32CD41718006819FE /* ViewModel */,
				6B8C6DE02CD416CA006819FE /* Model */,
				6B8C6DD72CD3B72E006819FE /* View */,
			);
			path = EventForm;
			sourceTree = "<group>";
		};
		6B8C6DD72CD3B72E006819FE /* View */ = {
			isa = PBXGroup;
			children = (
				6B8C6DD82CD3B74D006819FE /* EventFormViewController.swift */,
				6B8C6DD92CD3B74D006819FE /* EventFormViewController.xib */,
			);
			path = View;
			sourceTree = "<group>";
		};
		6B8C6DE02CD416CA006819FE /* Model */ = {
			isa = PBXGroup;
			children = (
				6B8C6DE12CD416DA006819FE /* ReminderModel.swift */,
			);
			path = Model;
			sourceTree = "<group>";
		};
		6B8C6DE32CD41718006819FE /* ViewModel */ = {
			isa = PBXGroup;
			children = (
				6B8C6DE42CD4172A006819FE /* EventFormViewModel.swift */,
			);
			path = ViewModel;
			sourceTree = "<group>";
		};
		6B8C6DEB2CD41B93006819FE /* ViewModel */ = {
			isa = PBXGroup;
			children = (
				6B8C6DEC2CD41BA1006819FE /* CalendarViewModel.swift */,
			);
			path = ViewModel;
			sourceTree = "<group>";
		};
		6B8C6DEE2CD42771006819FE /* HealthForm */ = {
			isa = PBXGroup;
			children = (
				6B8C6DFA2CD4380B006819FE /* Cell */,
				6B8C6DF72CD4337D006819FE /* ViewModel */,
				6B8C6DF42CD4332D006819FE /* Model */,
				6B8C6DEF2CD42781006819FE /* View */,
			);
			path = HealthForm;
			sourceTree = "<group>";
		};
		6B8C6DEF2CD42781006819FE /* View */ = {
			isa = PBXGroup;
			children = (
				6B8C6DF02CD427A4006819FE /* HealthFormViewController.swift */,
				6B8C6DF12CD427A4006819FE /* HealthFormViewController.xib */,
			);
			path = View;
			sourceTree = "<group>";
		};
		6B8C6DF42CD4332D006819FE /* Model */ = {
			isa = PBXGroup;
			children = (
				6B8C6DF52CD43339006819FE /* HealthModel.swift */,
			);
			path = Model;
			sourceTree = "<group>";
		};
		6B8C6DF72CD4337D006819FE /* ViewModel */ = {
			isa = PBXGroup;
			children = (
				6B8C6DF82CD4338B006819FE /* HealthFormViewModel.swift */,
			);
			path = ViewModel;
			sourceTree = "<group>";
		};
		6B8C6DFA2CD4380B006819FE /* Cell */ = {
			isa = PBXGroup;
			children = (
				6B8C6DFB2CD4381E006819FE /* ExerciseTableViewCell.swift */,
				6B8C6DFC2CD4381E006819FE /* ExerciseTableViewCell.xib */,
			);
			path = Cell;
			sourceTree = "<group>";
		};
		6B8C6DFF2CD43E23006819FE /* Cell */ = {
			isa = PBXGroup;
			children = (
				6B8C6E002CD43E41006819FE /* HealthTableViewCell.swift */,
				6B8C6E012CD43E41006819FE /* HealthTableViewCell.xib */,
			);
			path = Cell;
			sourceTree = "<group>";
		};
		6BE641122CD4421C00CB5FD9 /* ViewModel */ = {
			isa = PBXGroup;
			children = (
				6BE641132CD4422900CB5FD9 /* HealthViewModel.swift */,
			);
			path = ViewModel;
			sourceTree = "<group>";
		};
		6BE641172CD4558800CB5FD9 /* NotificationManager */ = {
			isa = PBXGroup;
			children = (
				6BE641182CD4559A00CB5FD9 /* NotificationManager.swift */,
			);
			path = NotificationManager;
			sourceTree = "<group>";
		};
		6BE6411A2CD52B4100CB5FD9 /* FoodForm */ = {
			isa = PBXGroup;
			children = (
				6BE641242CD52F8A00CB5FD9 /* ViewModel */,
				6BE641212CD52DF200CB5FD9 /* Model */,
				6BE641202CD52DE300CB5FD9 /* Cell */,
				6BE6411B2CD52B4800CB5FD9 /* View */,
			);
			path = FoodForm;
			sourceTree = "<group>";
		};
		6BE6411B2CD52B4800CB5FD9 /* View */ = {
			isa = PBXGroup;
			children = (
				6BE6411C2CD52B7A00CB5FD9 /* FoodFormViewController.swift */,
				6BE6411D2CD52B7A00CB5FD9 /* FoodFormViewController.xib */,
			);
			path = View;
			sourceTree = "<group>";
		};
		6BE641202CD52DE300CB5FD9 /* Cell */ = {
			isa = PBXGroup;
			children = (
			);
			path = Cell;
			sourceTree = "<group>";
		};
		6BE641212CD52DF200CB5FD9 /* Model */ = {
			isa = PBXGroup;
			children = (
				6BE641222CD52DFB00CB5FD9 /* FoodModel.swift */,
			);
			path = Model;
			sourceTree = "<group>";
		};
		6BE641242CD52F8A00CB5FD9 /* ViewModel */ = {
			isa = PBXGroup;
			children = (
				6BE641252CD52F9700CB5FD9 /* FoodFormViewModel.swift */,
			);
			path = ViewModel;
			sourceTree = "<group>";
		};
		6BE641272CD5367100CB5FD9 /* Cell */ = {
			isa = PBXGroup;
			children = (
				6BE641282CD536BF00CB5FD9 /* FoodTableViewCell.swift */,
				6BE641292CD536BF00CB5FD9 /* FoodTableViewCell.xib */,
				6BE641302CD541D400CB5FD9 /* RecamendationCollectionViewCell.swift */,
				6BE641312CD541D400CB5FD9 /* RecamendationCollectionViewCell.xib */,
			);
			path = Cell;
			sourceTree = "<group>";
		};
		6BE6412C2CD5380100CB5FD9 /* ViewModel */ = {
			isa = PBXGroup;
			children = (
				6BE6412E2CD5381300CB5FD9 /* FoodViewModel.swift */,
			);
			path = ViewModel;
			sourceTree = "<group>";
		};
		6BEE86A52CD2C7C30005755E = {
			isa = PBXGroup;
			children = (
				6BEE86B02CD2C7C30005755E /* Pregnancy */,
				6BEE86AF2CD2C7C30005755E /* Products */,
				AD1D1E687121C181D806463C /* Pods */,
				1703E3410606ED78CE49399E /* Frameworks */,
			);
			sourceTree = "<group>";
		};
		6BEE86AF2CD2C7C30005755E /* Products */ = {
			isa = PBXGroup;
			children = (
				6BEE86AE2CD2C7C30005755E /* Pregnancy.app */,
			);
			name = Products;
			sourceTree = "<group>";
		};
		6BEE86B02CD2C7C30005755E /* Pregnancy */ = {
			isa = PBXGroup;
			children = (
				6BE641172CD4558800CB5FD9 /* NotificationManager */,
				6BEE87192CD2F33D0005755E /* TabBar */,
				6BEE87132CD2F3210005755E /* Settings */,
				6BEE870D2CD2F3020005755E /* Food */,
				6BEE87012CD2F2740005755E /* Calendar */,
				6BEE87022CD2F2A80005755E /* Health */,
				6BEE86FA2CD2F2510005755E /* Home */,
				6BEE86E92CD2DBDD0005755E /* Gender */,
				6BEE86D62CD2CEAB0005755E /* Root */,
				6BEE86C82CD2CB1D0005755E /* Extension */,
				6BEE86F72CD2EF520005755E /* CoreData */,
				6BEE86B12CD2C7C30005755E /* AppDelegate.swift */,
				6BEE86B32CD2C7C30005755E /* SceneDelegate.swift */,
				6BEE86BD2CD2C7C40005755E /* Assets.xcassets */,
				6BEE86BF2CD2C7C40005755E /* LaunchScreen.storyboard */,
				6BEE86C22CD2C7C40005755E /* Info.plist */,
				6BEE86BA2CD2C7C30005755E /* Pregnancy.xcdatamodeld */,
			);
			path = Pregnancy;
			sourceTree = "<group>";
		};
		6BEE86C82CD2CB1D0005755E /* Extension */ = {
			isa = PBXGroup;
			children = (
				6BEE86C92CD2CB220005755E /* Font */,
				6BEE86D42CD2CEA40005755E /* UIView.swift */,
				6BEE86D72CD2CECA0005755E /* ViewController.swift */,
				6BEE86D92CD2CF050005755E /* Date.swift */,
				6BEE86DB2CD2CF230005755E /* ShadowView.swift */,
				6BEE86DD2CD2CF3C0005755E /* BaseButton.swift */,
				6BEE86F52CD2ED610005755E /* GenderButton.swift */,
				6BEE86DF2CD2CF570005755E /* String.swift */,
				6BEE86E12CD2CFB10005755E /* BaseTextField.swift */,
				6BE641152CD44BDD00CB5FD9 /* BaseSwitch.swift */,
			);
			path = Extension;
			sourceTree = "<group>";
		};
		6BEE86C92CD2CB220005755E /* Font */ = {
			isa = PBXGroup;
			children = (
				6BEE86CA2CD2CB390005755E /* SFProText-Light.ttf */,
				6BEE86CC2CD2CB4E0005755E /* SFProText-Medium.ttf */,
				6BEE86CE2CD2CB4E0005755E /* SFProText-Regular.ttf */,
				6BEE86CD2CD2CB4E0005755E /* SFProText-Semibold.ttf */,
				6B8C6DDC2CD3BCFF006819FE /* Montserrat-Medium.ttf */,
				6B8C6DDE2CD3BE7B006819FE /* Montserrat-Bold.ttf */,
				6BEE86D22CD2CB7E0005755E /* Font.swift */,
			);
			path = Font;
			sourceTree = "<group>";
		};
		6BEE86D62CD2CEAB0005755E /* Root */ = {
			isa = PBXGroup;
			children = (
				6BEE86F22CD2E0BD0005755E /* ViewModel */,
				6BEE86EF2CD2E04D0005755E /* Model */,
				6BEE86E42CD2D44F0005755E /* Cell */,
				6BEE86E32CD2D4470005755E /* View */,
			);
			path = Root;
			sourceTree = "<group>";
		};
		6BEE86E32CD2D4470005755E /* View */ = {
			isa = PBXGroup;
			children = (
				6BEE86B52CD2C7C30005755E /* RootViewController.swift */,
				6BEE86B72CD2C7C30005755E /* Root.storyboard */,
				6B2654302DD49E0800F2C6F4 /* MenuViewController.swift */,
			);
			path = View;
			sourceTree = "<group>";
		};
		6BEE86E42CD2D44F0005755E /* Cell */ = {
			isa = PBXGroup;
			children = (
				6BEE86E52CD2D4620005755E /* WeekCollectionViewCell.swift */,
				6BEE86E62CD2D4620005755E /* WeekCollectionViewCell.xib */,
			);
			path = Cell;
			sourceTree = "<group>";
		};
		6BEE86E92CD2DBDD0005755E /* Gender */ = {
			isa = PBXGroup;
			children = (
				6BEE86EA2CD2DBE60005755E /* View */,
			);
			path = Gender;
			sourceTree = "<group>";
		};
		6BEE86EA2CD2DBE60005755E /* View */ = {
			isa = PBXGroup;
			children = (
				6BEE86EB2CD2DBF90005755E /* GenderViewController.swift */,
				6BEE86EC2CD2DBF90005755E /* GenderViewController.xib */,
			);
			path = View;
			sourceTree = "<group>";
		};
		6BEE86EF2CD2E04D0005755E /* Model */ = {
			isa = PBXGroup;
			children = (
				6BEE86F02CD2E05E0005755E /* PregnancyModel.swift */,
			);
			path = Model;
			sourceTree = "<group>";
		};
		6BEE86F22CD2E0BD0005755E /* ViewModel */ = {
			isa = PBXGroup;
			children = (
				6BEE86F32CD2E0DB0005755E /* PregnancyViewModel.swift */,
			);
			path = ViewModel;
			sourceTree = "<group>";
		};
		6BEE86F72CD2EF520005755E /* CoreData */ = {
			isa = PBXGroup;
			children = (
				6BEE86F82CD2EF5F0005755E /* CoreDataManager.swift */,
			);
			path = CoreData;
			sourceTree = "<group>";
		};
		6BEE86FA2CD2F2510005755E /* Home */ = {
			isa = PBXGroup;
			children = (
				6B8C6DD32CD3ADBD006819FE /* ViewModel */,
				6B8C6DCE2CD3ACE4006819FE /* Cell */,
				6BEE86FB2CD2F2550005755E /* View */,
			);
			path = Home;
			sourceTree = "<group>";
		};
		6BEE86FB2CD2F2550005755E /* View */ = {
			isa = PBXGroup;
			children = (
				6BEE86FD2CD2F2660005755E /* HomeViewController.swift */,
				6BEE86FF2CD2F2700005755E /* Home.storyboard */,
			);
			path = View;
			sourceTree = "<group>";
		};
		6BEE87012CD2F2740005755E /* Calendar */ = {
			isa = PBXGroup;
			children = (
				6B8C6DD62CD3B717006819FE /* EventForm */,
				6B8C6DEB2CD41B93006819FE /* ViewModel */,
				6BEE87082CD2F2D10005755E /* View */,
			);
			path = Calendar;
			sourceTree = "<group>";
		};
		6BEE87022CD2F2A80005755E /* Health */ = {
			isa = PBXGroup;
			children = (
				6B8C6DEE2CD42771006819FE /* HealthForm */,
				6BE641122CD4421C00CB5FD9 /* ViewModel */,
				6B8C6DFF2CD43E23006819FE /* Cell */,
				6BEE87032CD2F2AF0005755E /* View */,
			);
			path = Health;
			sourceTree = "<group>";
		};
		6BEE87032CD2F2AF0005755E /* View */ = {
			isa = PBXGroup;
			children = (
				6BEE87042CD2F2C00005755E /* HealthViewController.swift */,
				6BEE87062CD2F2C70005755E /* Health.storyboard */,
			);
			path = View;
			sourceTree = "<group>";
		};
		6BEE87082CD2F2D10005755E /* View */ = {
			isa = PBXGroup;
			children = (
				6BEE87092CD2F2DC0005755E /* CalendarViewController.swift */,
				6BEE870B2CD2F2E50005755E /* Calendar.storyboard */,
			);
			path = View;
			sourceTree = "<group>";
		};
		6BEE870D2CD2F3020005755E /* Food */ = {
			isa = PBXGroup;
			children = (
				6BE6412C2CD5380100CB5FD9 /* ViewModel */,
				6BE641272CD5367100CB5FD9 /* Cell */,
				6BE6411A2CD52B4100CB5FD9 /* FoodForm */,
				6BEE870E2CD2F3060005755E /* View */,
			);
			path = Food;
			sourceTree = "<group>";
		};
		6BEE870E2CD2F3060005755E /* View */ = {
			isa = PBXGroup;
			children = (
				6BEE870F2CD2F30E0005755E /* FoodViewController.swift */,
				6BEE87112CD2F3150005755E /* Food.storyboard */,
			);
			path = View;
			sourceTree = "<group>";
		};
		6BEE87132CD2F3210005755E /* Settings */ = {
			isa = PBXGroup;
			children = (
				6BEE87142CD2F3270005755E /* View */,
			);
			path = Settings;
			sourceTree = "<group>";
		};
		6BEE87142CD2F3270005755E /* View */ = {
			isa = PBXGroup;
			children = (
				6BEE87152CD2F3310005755E /* SettingsViewController.swift */,
				6BEE87172CD2F3380005755E /* Settings.storyboard */,
			);
			path = View;
			sourceTree = "<group>";
		};
		6BEE87192CD2F33D0005755E /* TabBar */ = {
			isa = PBXGroup;
			children = (
				6BEE871A2CD2F3540005755E /* TabBar.storyboard */,
				6B8C6DCC2CD2F6F8006819FE /* TabBarViewController.swift */,
			);
			path = TabBar;
			sourceTree = "<group>";
		};
		AD1D1E687121C181D806463C /* Pods */ = {
			isa = PBXGroup;
			children = (
				3E50BE22E1313D67A4BEDBFA /* Pods-Pregnancy.debug.xcconfig */,
				1C19EF5DA5DAAA3BE0C6C59F /* Pods-Pregnancy.release.xcconfig */,
			);
			path = Pods;
			sourceTree = "<group>";
		};
/* End PBXGroup section */

/* Begin PBXNativeTarget section */
		6BEE86AD2CD2C7C30005755E /* Pregnancy */ = {
			isa = PBXNativeTarget;
			buildConfigurationList = 6BEE86C52CD2C7C40005755E /* Build configuration list for PBXNativeTarget "Pregnancy" */;
			buildPhases = (
				97653E44A1D94A12639C21B0 /* [CP] Check Pods Manifest.lock */,
				6BEE86AA2CD2C7C30005755E /* Sources */,
				6BEE86AB2CD2C7C30005755E /* Frameworks */,
				6BEE86AC2CD2C7C30005755E /* Resources */,
				8E8294FBF03561C089738157 /* [CP] Embed Pods Frameworks */,
			);
			buildRules = (
			);
			dependencies = (
			);
			name = Pregnancy;
			productName = Pregnancy;
			productReference = 6BEE86AE2CD2C7C30005755E /* Pregnancy.app */;
			productType = "com.apple.product-type.application";
		};
/* End PBXNativeTarget section */

/* Begin PBXProject section */
		6BEE86A62CD2C7C30005755E /* Project object */ = {
			isa = PBXProject;
			attributes = {
				BuildIndependentTargetsInParallel = 1;
				LastSwiftUpdateCheck = 1540;
				LastUpgradeCheck = 1540;
				TargetAttributes = {
					6BEE86AD2CD2C7C30005755E = {
						CreatedOnToolsVersion = 15.4;
					};
				};
			};
			buildConfigurationList = 6BEE86A92CD2C7C30005755E /* Build configuration list for PBXProject "Pregnancy" */;
			developmentRegion = en;
			hasScannedForEncodings = 0;
			knownRegions = (
				en,
				Base,
			);
			mainGroup = 6BEE86A52CD2C7C30005755E;
			preferredProjectObjectVersion = 77;
			productRefGroup = 6BEE86AF2CD2C7C30005755E /* Products */;
			projectDirPath = "";
			projectRoot = "";
			targets = (
				6BEE86AD2CD2C7C30005755E /* Pregnancy */,
			);
		};
/* End PBXProject section */

/* Begin PBXResourcesBuildPhase section */
		6BEE86AC2CD2C7C30005755E /* Resources */ = {
			isa = PBXResourcesBuildPhase;
			buildActionMask = 2147483647;
			files = (
				6BEE87122CD2F3150005755E /* Food.storyboard in Resources */,
				6BEE870C2CD2F2E50005755E /* Calendar.storyboard in Resources */,
				6BE6411E2CD52B7A00CB5FD9 /* FoodFormViewController.xib in Resources */,
				6BEE87072CD2F2C70005755E /* Health.storyboard in Resources */,
				6B8C6DD12CD3ACF3006819FE /* ReminderTableViewCell.xib in Resources */,
				6BEE86BE2CD2C7C40005755E /* Assets.xcassets in Resources */,
				6B8C6E022CD43E41006819FE /* HealthTableViewCell.xib in Resources */,
				6BEE87002CD2F2700005755E /* Home.storyboard in Resources */,
				6BEE86C12CD2C7C40005755E /* Base in Resources */,
				6BEE86D12CD2CB4E0005755E /* SFProText-Regular.ttf in Resources */,
				6BEE86B92CD2C7C30005755E /* Base in Resources */,
				6BEE86CB2CD2CB390005755E /* SFProText-Light.ttf in Resources */,
				6BE641322CD541D400CB5FD9 /* RecamendationCollectionViewCell.xib in Resources */,
				6BEE86CF2CD2CB4E0005755E /* SFProText-Medium.ttf in Resources */,
				6BEE871B2CD2F3540005755E /* TabBar.storyboard in Resources */,
				6BEE86E72CD2D4620005755E /* WeekCollectionViewCell.xib in Resources */,
				6B8C6DDF2CD3BE7B006819FE /* Montserrat-Bold.ttf in Resources */,
				6B8C6DF22CD427A4006819FE /* HealthFormViewController.xib in Resources */,
				6BE6412A2CD536BF00CB5FD9 /* FoodTableViewCell.xib in Resources */,
				6BEE86ED2CD2DBF90005755E /* GenderViewController.xib in Resources */,
				6B8C6DDA2CD3B74D006819FE /* EventFormViewController.xib in Resources */,
				6BEE86D02CD2CB4E0005755E /* SFProText-Semibold.ttf in Resources */,
				6B8C6DFD2CD4381E006819FE /* ExerciseTableViewCell.xib in Resources */,
				6B8C6DDD2CD3BCFF006819FE /* Montserrat-Medium.ttf in Resources */,
				6BEE87182CD2F3380005755E /* Settings.storyboard in Resources */,
			);
			runOnlyForDeploymentPostprocessing = 0;
		};
/* End PBXResourcesBuildPhase section */

/* Begin PBXShellScriptBuildPhase section */
		8E8294FBF03561C089738157 /* [CP] Embed Pods Frameworks */ = {
			isa = PBXShellScriptBuildPhase;
			buildActionMask = 2147483647;
			files = (
			);
			inputFileListPaths = (
				"${PODS_ROOT}/Target Support Files/Pods-Pregnancy/Pods-Pregnancy-frameworks-${CONFIGURATION}-input-files.xcfilelist",
			);
			inputPaths = (
			);
			name = "[CP] Embed Pods Frameworks";
			outputFileListPaths = (
				"${PODS_ROOT}/Target Support Files/Pods-Pregnancy/Pods-Pregnancy-frameworks-${CONFIGURATION}-output-files.xcfilelist",
			);
			outputPaths = (
			);
			runOnlyForDeploymentPostprocessing = 0;
			shellPath = /bin/sh;
			shellScript = "\"${PODS_ROOT}/Target Support Files/Pods-Pregnancy/Pods-Pregnancy-frameworks.sh\"\n";
			showEnvVarsInLog = 0;
		};
		97653E44A1D94A12639C21B0 /* [CP] Check Pods Manifest.lock */ = {
			isa = PBXShellScriptBuildPhase;
			buildActionMask = 2147483647;
			files = (
			);
			inputFileListPaths = (
			);
			inputPaths = (
				"${PODS_PODFILE_DIR_PATH}/Podfile.lock",
				"${PODS_ROOT}/Manifest.lock",
			);
			name = "[CP] Check Pods Manifest.lock";
			outputFileListPaths = (
			);
			outputPaths = (
				"$(DERIVED_FILE_DIR)/Pods-Pregnancy-checkManifestLockResult.txt",
			);
			runOnlyForDeploymentPostprocessing = 0;
			shellPath = /bin/sh;
			shellScript = "diff \"${PODS_PODFILE_DIR_PATH}/Podfile.lock\" \"${PODS_ROOT}/Manifest.lock\" > /dev/null\nif [ $? != 0 ] ; then\n    # print error to STDERR\n    echo \"error: The sandbox is not in sync with the Podfile.lock. Run 'pod install' or update your CocoaPods installation.\" >&2\n    exit 1\nfi\n# This output is used by Xcode 'outputs' to avoid re-running this script phase.\necho \"SUCCESS\" > \"${SCRIPT_OUTPUT_FILE_0}\"\n";
			showEnvVarsInLog = 0;
		};
/* End PBXShellScriptBuildPhase section */

/* Begin PBXSourcesBuildPhase section */
		6BEE86AA2CD2C7C30005755E /* Sources */ = {
			isa = PBXSourcesBuildPhase;
			buildActionMask = 2147483647;
			files = (
				6BEE86E82CD2D4620005755E /* WeekCollectionViewCell.swift in Sources */,
				6BEE86DC2CD2CF230005755E /* ShadowView.swift in Sources */,
				6BEE86FE2CD2F2660005755E /* HomeViewController.swift in Sources */,
				6BEE86E02CD2CF570005755E /* String.swift in Sources */,
				6BE6411F2CD52B7A00CB5FD9 /* FoodFormViewController.swift in Sources */,
				6BE641162CD44BDD00CB5FD9 /* BaseSwitch.swift in Sources */,
				6BEE86B62CD2C7C30005755E /* RootViewController.swift in Sources */,
				6B8C6DE22CD416DA006819FE /* ReminderModel.swift in Sources */,
				6BEE86BC2CD2C7C30005755E /* Pregnancy.xcdatamodeld in Sources */,
				6B8C6DDB2CD3B74D006819FE /* EventFormViewController.swift in Sources */,
				6BEE86D32CD2CB7E0005755E /* Font.swift in Sources */,
				6BEE86F92CD2EF5F0005755E /* CoreDataManager.swift in Sources */,
				6BE641142CD4422900CB5FD9 /* HealthViewModel.swift in Sources */,
				6BEE86F42CD2E0DB0005755E /* PregnancyViewModel.swift in Sources */,
				6BE641262CD52F9700CB5FD9 /* FoodFormViewModel.swift in Sources */,
				6B8C6DE52CD4172A006819FE /* EventFormViewModel.swift in Sources */,
				6B8C6DD22CD3ACF3006819FE /* ReminderTableViewCell.swift in Sources */,
				6BE6412B2CD536BF00CB5FD9 /* FoodTableViewCell.swift in Sources */,
				6BEE86DA2CD2CF050005755E /* Date.swift in Sources */,
				6B8C6DF32CD427A4006819FE /* HealthFormViewController.swift in Sources */,
				6BEE86E22CD2CFB10005755E /* BaseTextField.swift in Sources */,
				6B8C6E032CD43E41006819FE /* HealthTableViewCell.swift in Sources */,
				6BEE86F62CD2ED610005755E /* GenderButton.swift in Sources */,
				6BEE870A2CD2F2DC0005755E /* CalendarViewController.swift in Sources */,
				6BEE86F12CD2E05E0005755E /* PregnancyModel.swift in Sources */,
				6B8C6DF62CD43339006819FE /* HealthModel.swift in Sources */,
				6BEE87102CD2F30E0005755E /* FoodViewController.swift in Sources */,
				6BE6412F2CD5381300CB5FD9 /* FoodViewModel.swift in Sources */,
				6BEE87162CD2F3310005755E /* SettingsViewController.swift in Sources */,
				6B8C6DCD2CD2F6F8006819FE /* TabBarViewController.swift in Sources */,
				6BEE86B22CD2C7C30005755E /* AppDelegate.swift in Sources */,
				6B2654312DD49E0800F2C6F4 /* MenuViewController.swift in Sources */,
				6BEE87052CD2F2C00005755E /* HealthViewController.swift in Sources */,
				6BEE86DE2CD2CF3C0005755E /* BaseButton.swift in Sources */,
				6B8C6DF92CD4338B006819FE /* HealthFormViewModel.swift in Sources */,
				6B8C6DED2CD41BA1006819FE /* CalendarViewModel.swift in Sources */,
				6B8C6DD52CD3ADC9006819FE /* HomeViewModel.swift in Sources */,
				6BEE86D82CD2CECA0005755E /* ViewController.swift in Sources */,
				6BEE86D52CD2CEA40005755E /* UIView.swift in Sources */,
				6BE641232CD52DFB00CB5FD9 /* FoodModel.swift in Sources */,
				6BE641192CD4559A00CB5FD9 /* NotificationManager.swift in Sources */,
				6B8C6DFE2CD4381E006819FE /* ExerciseTableViewCell.swift in Sources */,
				6BE641332CD541D400CB5FD9 /* RecamendationCollectionViewCell.swift in Sources */,
				6BEE86B42CD2C7C30005755E /* SceneDelegate.swift in Sources */,
				6BEE86EE2CD2DBF90005755E /* GenderViewController.swift in Sources */,
			);
			runOnlyForDeploymentPostprocessing = 0;
		};
/* End PBXSourcesBuildPhase section */

/* Begin PBXVariantGroup section */
		6BEE86B72CD2C7C30005755E /* Root.storyboard */ = {
			isa = PBXVariantGroup;
			children = (
				6BEE86B82CD2C7C30005755E /* Base */,
			);
			name = Root.storyboard;
			sourceTree = "<group>";
		};
		6BEE86BF2CD2C7C40005755E /* LaunchScreen.storyboard */ = {
			isa = PBXVariantGroup;
			children = (
				6BEE86C02CD2C7C40005755E /* Base */,
			);
			name = LaunchScreen.storyboard;
			sourceTree = "<group>";
		};
/* End PBXVariantGroup section */

/* Begin XCBuildConfiguration section */
		6BEE86C32CD2C7C40005755E /* Debug */ = {
			isa = XCBuildConfiguration;
			buildSettings = {
				ALWAYS_SEARCH_USER_PATHS = NO;
				ASSETCATALOG_COMPILER_GENERATE_SWIFT_ASSET_SYMBOL_EXTENSIONS = YES;
				CLANG_ANALYZER_NONNULL = YES;
				CLANG_ANALYZER_NUMBER_OBJECT_CONVERSION = YES_AGGRESSIVE;
				CLANG_CXX_LANGUAGE_STANDARD = "gnu++20";
				CLANG_ENABLE_MODULES = YES;
				CLANG_ENABLE_OBJC_ARC = YES;
				CLANG_ENABLE_OBJC_WEAK = YES;
				CLANG_WARN_BLOCK_CAPTURE_AUTORELEASING = YES;
				CLANG_WARN_BOOL_CONVERSION = YES;
				CLANG_WARN_COMMA = YES;
				CLANG_WARN_CONSTANT_CONVERSION = YES;
				CLANG_WARN_DEPRECATED_OBJC_IMPLEMENTATIONS = YES;
				CLANG_WARN_DIRECT_OBJC_ISA_USAGE = YES_ERROR;
				CLANG_WARN_DOCUMENTATION_COMMENTS = YES;
				CLANG_WARN_EMPTY_BODY = YES;
				CLANG_WARN_ENUM_CONVERSION = YES;
				CLANG_WARN_INFINITE_RECURSION = YES;
				CLANG_WARN_INT_CONVERSION = YES;
				CLANG_WARN_NON_LITERAL_NULL_CONVERSION = YES;
				CLANG_WARN_OBJC_IMPLICIT_RETAIN_SELF = YES;
				CLANG_WARN_OBJC_LITERAL_CONVERSION = YES;
				CLANG_WARN_OBJC_ROOT_CLASS = YES_ERROR;
				CLANG_WARN_QUOTED_INCLUDE_IN_FRAMEWORK_HEADER = YES;
				CLANG_WARN_RANGE_LOOP_ANALYSIS = YES;
				CLANG_WARN_STRICT_PROTOTYPES = YES;
				CLANG_WARN_SUSPICIOUS_MOVE = YES;
				CLANG_WARN_UNGUARDED_AVAILABILITY = YES_AGGRESSIVE;
				CLANG_WARN_UNREACHABLE_CODE = YES;
				CLANG_WARN__DUPLICATE_METHOD_MATCH = YES;
				COPY_PHASE_STRIP = NO;
				DEBUG_INFORMATION_FORMAT = dwarf;
				ENABLE_STRICT_OBJC_MSGSEND = YES;
				ENABLE_TESTABILITY = YES;
				ENABLE_USER_SCRIPT_SANDBOXING = NO;
				GCC_C_LANGUAGE_STANDARD = gnu17;
				GCC_DYNAMIC_NO_PIC = NO;
				GCC_NO_COMMON_BLOCKS = YES;
				GCC_OPTIMIZATION_LEVEL = 0;
				GCC_PREPROCESSOR_DEFINITIONS = (
					"DEBUG=1",
					"$(inherited)",
				);
				GCC_WARN_64_TO_32_BIT_CONVERSION = YES;
				GCC_WARN_ABOUT_RETURN_TYPE = YES_ERROR;
				GCC_WARN_UNDECLARED_SELECTOR = YES;
				GCC_WARN_UNINITIALIZED_AUTOS = YES_AGGRESSIVE;
				GCC_WARN_UNUSED_FUNCTION = YES;
				GCC_WARN_UNUSED_VARIABLE = YES;
				IPHONEOS_DEPLOYMENT_TARGET = 15.0;
				LOCALIZATION_PREFERS_STRING_CATALOGS = YES;
				MTL_ENABLE_DEBUG_INFO = INCLUDE_SOURCE;
				MTL_FAST_MATH = YES;
				ONLY_ACTIVE_ARCH = YES;
				SDKROOT = iphoneos;
				SWIFT_ACTIVE_COMPILATION_CONDITIONS = "DEBUG $(inherited)";
				SWIFT_OPTIMIZATION_LEVEL = "-Onone";
			};
			name = Debug;
		};
		6BEE86C42CD2C7C40005755E /* Release */ = {
			isa = XCBuildConfiguration;
			buildSettings = {
				ALWAYS_SEARCH_USER_PATHS = NO;
				ASSETCATALOG_COMPILER_GENERATE_SWIFT_ASSET_SYMBOL_EXTENSIONS = YES;
				CLANG_ANALYZER_NONNULL = YES;
				CLANG_ANALYZER_NUMBER_OBJECT_CONVERSION = YES_AGGRESSIVE;
				CLANG_CXX_LANGUAGE_STANDARD = "gnu++20";
				CLANG_ENABLE_MODULES = YES;
				CLANG_ENABLE_OBJC_ARC = YES;
				CLANG_ENABLE_OBJC_WEAK = YES;
				CLANG_WARN_BLOCK_CAPTURE_AUTORELEASING = YES;
				CLANG_WARN_BOOL_CONVERSION = YES;
				CLANG_WARN_COMMA = YES;
				CLANG_WARN_CONSTANT_CONVERSION = YES;
				CLANG_WARN_DEPRECATED_OBJC_IMPLEMENTATIONS = YES;
				CLANG_WARN_DIRECT_OBJC_ISA_USAGE = YES_ERROR;
				CLANG_WARN_DOCUMENTATION_COMMENTS = YES;
				CLANG_WARN_EMPTY_BODY = YES;
				CLANG_WARN_ENUM_CONVERSION = YES;
				CLANG_WARN_INFINITE_RECURSION = YES;
				CLANG_WARN_INT_CONVERSION = YES;
				CLANG_WARN_NON_LITERAL_NULL_CONVERSION = YES;
				CLANG_WARN_OBJC_IMPLICIT_RETAIN_SELF = YES;
				CLANG_WARN_OBJC_LITERAL_CONVERSION = YES;
				CLANG_WARN_OBJC_ROOT_CLASS = YES_ERROR;
				CLANG_WARN_QUOTED_INCLUDE_IN_FRAMEWORK_HEADER = YES;
				CLANG_WARN_RANGE_LOOP_ANALYSIS = YES;
				CLANG_WARN_STRICT_PROTOTYPES = YES;
				CLANG_WARN_SUSPICIOUS_MOVE = YES;
				CLANG_WARN_UNGUARDED_AVAILABILITY = YES_AGGRESSIVE;
				CLANG_WARN_UNREACHABLE_CODE = YES;
				CLANG_WARN__DUPLICATE_METHOD_MATCH = YES;
				COPY_PHASE_STRIP = NO;
				DEBUG_INFORMATION_FORMAT = "dwarf-with-dsym";
				ENABLE_NS_ASSERTIONS = NO;
				ENABLE_STRICT_OBJC_MSGSEND = YES;
				ENABLE_USER_SCRIPT_SANDBOXING = NO;
				GCC_C_LANGUAGE_STANDARD = gnu17;
				GCC_NO_COMMON_BLOCKS = YES;
				GCC_WARN_64_TO_32_BIT_CONVERSION = YES;
				GCC_WARN_ABOUT_RETURN_TYPE = YES_ERROR;
				GCC_WARN_UNDECLARED_SELECTOR = YES;
				GCC_WARN_UNINITIALIZED_AUTOS = YES_AGGRESSIVE;
				GCC_WARN_UNUSED_FUNCTION = YES;
				GCC_WARN_UNUSED_VARIABLE = YES;
				IPHONEOS_DEPLOYMENT_TARGET = 15.0;
				LOCALIZATION_PREFERS_STRING_CATALOGS = YES;
				MTL_ENABLE_DEBUG_INFO = NO;
				MTL_FAST_MATH = YES;
				SDKROOT = iphoneos;
				SWIFT_COMPILATION_MODE = wholemodule;
				VALIDATE_PRODUCT = YES;
			};
			name = Release;
		};
		6BEE86C62CD2C7C40005755E /* Debug */ = {
			isa = XCBuildConfiguration;
			baseConfigurationReference = 3E50BE22E1313D67A4BEDBFA /* Pods-Pregnancy.debug.xcconfig */;
			buildSettings = {
				ASSETCATALOG_COMPILER_APPICON_NAME = AppIcon;
				ASSETCATALOG_COMPILER_GLOBAL_ACCENT_COLOR_NAME = AccentColor;
				CODE_SIGN_STYLE = Automatic;
				CURRENT_PROJECT_VERSION = 1;
				DEVELOPMENT_TEAM = 9YUSQBCAX9;
				GENERATE_INFOPLIST_FILE = YES;
				INFOPLIST_FILE = Pregnancy/Info.plist;
				INFOPLIST_KEY_UIApplicationSupportsIndirectInputEvents = YES;
				INFOPLIST_KEY_UILaunchStoryboardName = LaunchScreen;
				INFOPLIST_KEY_UIMainStoryboardFile = Root;
				INFOPLIST_KEY_UISupportedInterfaceOrientations = UIInterfaceOrientationPortrait;
				INFOPLIST_KEY_UISupportedInterfaceOrientations_iPad = "UIInterfaceOrientationLandscapeLeft UIInterfaceOrientationLandscapeRight UIInterfaceOrientationPortrait UIInterfaceOrientationPortraitUpsideDown";
				LD_RUNPATH_SEARCH_PATHS = (
					"$(inherited)",
					"@executable_path/Frameworks",
				);
				MARKETING_VERSION = 1.0;
				PRODUCT_BUNDLE_IDENTIFIER = Karen.Pregnancy;
				PRODUCT_NAME = "$(TARGET_NAME)";
				SUPPORTED_PLATFORMS = "iphoneos iphonesimulator";
				SUPPORTS_MACCATALYST = NO;
				SWIFT_EMIT_LOC_STRINGS = YES;
				SWIFT_VERSION = 5.0;
				TARGETED_DEVICE_FAMILY = 1;
			};
			name = Debug;
		};
		6BEE86C72CD2C7C40005755E /* Release */ = {
			isa = XCBuildConfiguration;
			baseConfigurationReference = 1C19EF5DA5DAAA3BE0C6C59F /* Pods-Pregnancy.release.xcconfig */;
			buildSettings = {
				ASSETCATALOG_COMPILER_APPICON_NAME = AppIcon;
				ASSETCATALOG_COMPILER_GLOBAL_ACCENT_COLOR_NAME = AccentColor;
				CODE_SIGN_STYLE = Automatic;
				CURRENT_PROJECT_VERSION = 1;
				DEVELOPMENT_TEAM = 9YUSQBCAX9;
				GENERATE_INFOPLIST_FILE = YES;
				INFOPLIST_FILE = Pregnancy/Info.plist;
				INFOPLIST_KEY_UIApplicationSupportsIndirectInputEvents = YES;
				INFOPLIST_KEY_UILaunchStoryboardName = LaunchScreen;
				INFOPLIST_KEY_UIMainStoryboardFile = Root;
				INFOPLIST_KEY_UISupportedInterfaceOrientations = UIInterfaceOrientationPortrait;
				INFOPLIST_KEY_UISupportedInterfaceOrientations_iPad = "UIInterfaceOrientationLandscapeLeft UIInterfaceOrientationLandscapeRight UIInterfaceOrientationPortrait UIInterfaceOrientationPortraitUpsideDown";
				LD_RUNPATH_SEARCH_PATHS = (
					"$(inherited)",
					"@executable_path/Frameworks",
				);
				MARKETING_VERSION = 1.0;
				PRODUCT_BUNDLE_IDENTIFIER = Karen.Pregnancy;
				PRODUCT_NAME = "$(TARGET_NAME)";
				SUPPORTED_PLATFORMS = "iphoneos iphonesimulator";
				SUPPORTS_MACCATALYST = NO;
				SWIFT_EMIT_LOC_STRINGS = YES;
				SWIFT_VERSION = 5.0;
				TARGETED_DEVICE_FAMILY = 1;
			};
			name = Release;
		};
/* End XCBuildConfiguration section */

/* Begin XCConfigurationList section */
		6BEE86A92CD2C7C30005755E /* Build configuration list for PBXProject "Pregnancy" */ = {
			isa = XCConfigurationList;
			buildConfigurations = (
				6BEE86C32CD2C7C40005755E /* Debug */,
				6BEE86C42CD2C7C40005755E /* Release */,
			);
			defaultConfigurationIsVisible = 0;
			defaultConfigurationName = Release;
		};
		6BEE86C52CD2C7C40005755E /* Build configuration list for PBXNativeTarget "Pregnancy" */ = {
			isa = XCConfigurationList;
			buildConfigurations = (
				6BEE86C62CD2C7C40005755E /* Debug */,
				6BEE86C72CD2C7C40005755E /* Release */,
			);
			defaultConfigurationIsVisible = 0;
			defaultConfigurationName = Release;
		};
/* End XCConfigurationList section */

/* Begin XCVersionGroup section */
		6BEE86BA2CD2C7C30005755E /* Pregnancy.xcdatamodeld */ = {
			isa = XCVersionGroup;
			children = (
				6BEE86BB2CD2C7C30005755E /* Pregnancy.xcdatamodel */,
			);
			currentVersion = 6BEE86BB2CD2C7C30005755E /* Pregnancy.xcdatamodel */;
			path = Pregnancy.xcdatamodeld;
			sourceTree = "<group>";
			versionGroupType = wrapper.xcdatamodel;
		};
/* End XCVersionGroup section */
	};
	rootObject = 6BEE86A62CD2C7C30005755E /* Project object */;
}
